
Microsoft Visual Studio Solution File, Format Version 12.00
# Visual Studio Version 16
VisualStudioVersion = 16.0.32413.511
MinimumVisualStudioVersion = 10.0.40219.1
Project("{FAE04EC0-301F-11D3-BF4B-00C04F79EFBC}") = "AspCoreCrudOperation", "AspCoreCrudOperation\AspCoreCrudOperation.csproj", "{3EBE5192-5F3E-4C5A-B8FC-0EFE2825D4D9}"
EndProject
Global
	GlobalSection(SolutionConfigurationPlatforms) = preSolution
		Debug|Any CPU = Debug|Any CPU
		Release|Any CPU = Release|Any CPU
	EndGlobalSection
	GlobalSection(ProjectConfigurationPlatforms) = postSolution
		{3EBE5192-5F3E-4C5A-B8FC-0EFE2825D4D9}.Debug|Any CPU.ActiveCfg = Debug|Any CPU
		{3EBE5192-5F3E-4C5A-B8FC-0EFE2825D4D9}.Debug|Any CPU.Build.0 = Debug|Any CPU
		{3EBE5192-5F3E-4C5A-B8FC-0EFE2825D4D9}.Release|Any CPU.ActiveCfg = Release|Any CPU
		{3EBE5192-5F3E-4C5A-B8FC-0EFE2825D4D9}.Release|Any CPU.Build.0 = Release|Any CPU
	EndGlobalSection
	GlobalSection(SolutionProperties) = preSolution
		HideSolutionNode = FALSE
	EndGlobalSection
	GlobalSection(ExtensibilityGlobals) = postSolution
		SolutionGuid = {E45C614C-B62B-43BF-AEF0-C2B5F1B7837A}
	EndGlobalSection
EndGlobal
