
Microsoft Visual Studio Solution File, Format Version 12.00
# Visual Studio Version 16
VisualStudioVersion = 16.0.32413.511
MinimumVisualStudioVersion = 10.0.40219.1
Project("{FAE04EC0-301F-11D3-BF4B-00C04F79EFBC}") = "Ado_netCRUD", "Ado_netCRUD\Ado_netCRUD.csproj", "{D7D978F1-E451-4D84-B64E-174698F55EE6}"
EndProject
Global
	GlobalSection(SolutionConfigurationPlatforms) = preSolution
		Debug|Any CPU = Debug|Any CPU
		Release|Any CPU = Release|Any CPU
	EndGlobalSection
	GlobalSection(ProjectConfigurationPlatforms) = postSolution
		{D7D978F1-E451-4D84-B64E-174698F55EE6}.Debug|Any CPU.ActiveCfg = Debug|Any CPU
		{D7D978F1-E451-4D84-B64E-174698F55EE6}.Debug|Any CPU.Build.0 = Debug|Any CPU
		{D7D978F1-E451-4D84-B64E-174698F55EE6}.Release|Any CPU.ActiveCfg = Release|Any CPU
		{D7D978F1-E451-4D84-B64E-174698F55EE6}.Release|Any CPU.Build.0 = Release|Any CPU
	EndGlobalSection
	GlobalSection(SolutionProperties) = preSolution
		HideSolutionNode = FALSE
	EndGlobalSection
	GlobalSection(ExtensibilityGlobals) = postSolution
		SolutionGuid = {1C5B34D4-82A9-4928-8060-D2145DFDE769}
	EndGlobalSection
EndGlobal
